
Microsoft Visual Studio Solution File, Format Version 12.00
# Visual Studio 15
VisualStudioVersion = 15.0.28307.960
MinimumVisualStudioVersion = 10.0.40219.1
Project("{FAE04EC0-301F-11D3-BF4B-00C04F79EFBC}") = "Picachu", "Picachu\Picachu.csproj", "{799E5117-8A8D-4BDC-A1B2-1B36C708209E}"
EndProject
Global
	GlobalSection(SolutionConfigurationPlatforms) = preSolution
		Debug|Any CPU = Debug|Any CPU
		Release|Any CPU = Release|Any CPU
	EndGlobalSection
	GlobalSection(ProjectConfigurationPlatforms) = postSolution
		{799E5117-8A8D-4BDC-A1B2-1B36C708209E}.Debug|Any CPU.ActiveCfg = Debug|Any CPU
		{799E5117-8A8D-4BDC-A1B2-1B36C708209E}.Debug|Any CPU.Build.0 = Debug|Any CPU
		{799E5117-8A8D-4BDC-A1B2-1B36C708209E}.Release|Any CPU.ActiveCfg = Release|Any CPU
		{799E5117-8A8D-4BDC-A1B2-1B36C708209E}.Release|Any CPU.Build.0 = Release|Any CPU
	EndGlobalSection
	GlobalSection(SolutionProperties) = preSolution
		HideSolutionNode = FALSE
	EndGlobalSection
	GlobalSection(ExtensibilityGlobals) = postSolution
		SolutionGuid = {C4FCAFF4-222A-43D3-BD42-52BD737733A7}
	EndGlobalSection
EndGlobal
